<?xml version="1.0" encoding="utf-8"?>
<Project ToolsVersion="4.0" xmlns="http://schemas.microsoft.com/developer/msbuild/2003">
  <ItemGroup>
    <Filter Include="Source Files">
      <UniqueIdentifier>{4FC737F1-C7A5-4376-A066-2A32D752A2FF}</UniqueIdentifier>
      <Extensions>qml;cpp;c;cc;cxx;def;odl;idl;hpj;bat;asm;asmx</Extensions>
    </Filter>
    <Filter Include="Header Files">
      <UniqueIdentifier>{93995380-89BD-4b04-88EB-625FBE52EBFB}</UniqueIdentifier>
      <Extensions>h;hh;hpp;hxx;hm;inl;inc;xsd</Extensions>
    </Filter>
    <Filter Include="Resource Files">
      <UniqueIdentifier>{67DA6AB6-F800-4c08-8B7A-83BB121AAD01}</UniqueIdentifier>
      <Extensions>qrc;rc;ico;cur;bmp;dlg;rc2;rct;bin;rgs;gif;jpg;jpeg;jpe;resx;tiff;tif;png;wav;mfcribbon-ms</Extensions>
    </Filter>
    <Filter Include="Form Files">
      <UniqueIdentifier>{99349809-55BA-4b9d-BF79-8FDBB0286EB3}</UniqueIdentifier>
      <Extensions>ui</Extensions>
    </Filter>
    <Filter Include="Translation Files">
      <UniqueIdentifier>{639EADAA-A684-42e4-A9AD-28FC9BCB8F7C}</UniqueIdentifier>
      <Extensions>ts</Extensions>
    </Filter>
    <!-- Sub-filters for logical grouping -->
    <Filter Include="Source Files\core">
      <UniqueIdentifier>{A1B2C3D4-0001-0001-0001-000000000001}</UniqueIdentifier>
    </Filter>
    <Filter Include="Header Files\core">
      <UniqueIdentifier>{A1B2C3D4-0001-0001-0001-000000000002}</UniqueIdentifier>
    </Filter>
    <Filter Include="Source Files\ui">
      <UniqueIdentifier>{A1B2C3D4-0001-0001-0001-000000000003}</UniqueIdentifier>
    </Filter>
    <Filter Include="Header Files\ui">
      <UniqueIdentifier>{A1B2C3D4-0001-0001-0001-000000000004}</UniqueIdentifier>
    </Filter>
    <Filter Include="Form Files\ui">
      <UniqueIdentifier>{A1B2C3D4-0001-0001-0001-000000000005}</UniqueIdentifier>
    </Filter>
    <Filter Include="Source Files\services">
      <UniqueIdentifier>{A1B2C3D4-0001-0001-0001-000000000006}</UniqueIdentifier>
    </Filter>
    <Filter Include="Header Files\services">
      <UniqueIdentifier>{A1B2C3D4-0001-0001-0001-000000000007}</UniqueIdentifier>
    </Filter>
  </ItemGroup>
  <ItemGroup>
    <!-- Resource -->
    <QtRcc Include="startup_loading_app.qrc">
      <Filter>Resource Files</Filter>
    </QtRcc>

    <!-- UI forms -->
    <QtUic Include="startup_loading_app.ui">
      <Filter>Form Files</Filter>
    </QtUic>
    <QtUic Include="ui\splash_screen.ui">
      <Filter>Form Files\ui</Filter>
    </QtUic>
    <QtUic Include="ui\main_window.ui">
      <Filter>Form Files\ui</Filter>
    </QtUic>

    <!-- MOC headers -->
    <QtMoc Include="startup_loading_app.h">
      <Filter>Header Files</Filter>
    </QtMoc>
    <QtMoc Include="ui\splash_screen.h">
      <Filter>Header Files\ui</Filter>
    </QtMoc>
    <QtMoc Include="ui\main_window.h">
      <Filter>Header Files\ui</Filter>
    </QtMoc>

    <!-- Compile units -->
    <ClCompile Include="main.cpp">
      <Filter>Source Files</Filter>
    </ClCompile>
    <ClCompile Include="startup_loading_app.cpp">
      <Filter>Source Files</Filter>
    </ClCompile>
    <ClCompile Include="core\app_loader.cpp">
      <Filter>Source Files\core</Filter>
    </ClCompile>
    <ClCompile Include="ui\splash_screen.cpp">
      <Filter>Source Files\ui</Filter>
    </ClCompile>
    <ClCompile Include="ui\main_window.cpp">
      <Filter>Source Files\ui</Filter>
    </ClCompile>
    <ClCompile Include="services\config_service.cpp">
      <Filter>Source Files\services</Filter>
    </ClCompile>
    <ClCompile Include="services\data_service.cpp">
      <Filter>Source Files\services</Filter>
    </ClCompile>

    <!-- Headers (only those NOT already listed under QtMoc) -->
    <ClInclude Include="core\backend_service.h">
      <Filter>Header Files\core</Filter>
    </ClInclude>
    <ClInclude Include="core\app_loader.h">
      <Filter>Header Files\core</Filter>
    </ClInclude>
    <ClInclude Include="services\config_service.h">
      <Filter>Header Files\services</Filter>
    </ClInclude>
    <ClInclude Include="services\data_service.h">
      <Filter>Header Files\services</Filter>
    </ClInclude>

    <!-- Resources -->
    <None Include="startup_loading_app.ico">
      <Filter>Resource Files</Filter>
    </None>
    <ResourceCompile Include="startup_loading_app.rc">
      <Filter>Resource Files</Filter>
    </ResourceCompile>
  </ItemGroup>
</Project>
